
Microsoft Visual Studio Solution File, Format Version 12.00
# Visual Studio Version 17
VisualStudioVersion = 17.10.35013.160
MinimumVisualStudioVersion = 10.0.40219.1
Project("{9A19103F-16F7-4668-BE54-9A1E7A4F7556}") = "TestBlog", "TestBlog\TestBlog.csproj", "{FE5389D0-46B8-4064-A8BE-D3385A01A783}"
EndProject
Project("{FAE04EC0-301F-11D3-BF4B-00C04F79EFBC}") = "WebApplication2", "WebApplication2\WebApplication2.csproj", "{52969BC6-ED6C-4F0C-B702-BECC1D495505}"
EndProject
Global
	GlobalSection(SolutionConfigurationPlatforms) = preSolution
		Debug|Any CPU = Debug|Any CPU
		Release|Any CPU = Release|Any CPU
	EndGlobalSection
	GlobalSection(ProjectConfigurationPlatforms) = postSolution
		{FE5389D0-46B8-4064-A8BE-D3385A01A783}.Debug|Any CPU.ActiveCfg = Debug|Any CPU
		{FE5389D0-46B8-4064-A8BE-D3385A01A783}.Debug|Any CPU.Build.0 = Debug|Any CPU
		{FE5389D0-46B8-4064-A8BE-D3385A01A783}.Release|Any CPU.ActiveCfg = Release|Any CPU
		{FE5389D0-46B8-4064-A8BE-D3385A01A783}.Release|Any CPU.Build.0 = Release|Any CPU
		{52969BC6-ED6C-4F0C-B702-BECC1D495505}.Debug|Any CPU.ActiveCfg = Debug|Any CPU
		{52969BC6-ED6C-4F0C-B702-BECC1D495505}.Debug|Any CPU.Build.0 = Debug|Any CPU
		{52969BC6-ED6C-4F0C-B702-BECC1D495505}.Release|Any CPU.ActiveCfg = Release|Any CPU
		{52969BC6-ED6C-4F0C-B702-BECC1D495505}.Release|Any CPU.Build.0 = Release|Any CPU
	EndGlobalSection
	GlobalSection(SolutionProperties) = preSolution
		HideSolutionNode = FALSE
	EndGlobalSection
	GlobalSection(ExtensibilityGlobals) = postSolution
		SolutionGuid = {98999448-C784-403F-AA57-D935FA3A65A2}
	EndGlobalSection
EndGlobal
